
Microsoft Visual Studio Solution File, Format Version 12.00
# Visual Studio Version 17
VisualStudioVersion = 17.14.36109.1
MinimumVisualStudioVersion = 10.0.40219.1
Project("{FAE04EC0-301F-11D3-BF4B-00C04F79EFBC}") = "Actividad4LenPro3", "Actividad4LenPro3\Actividad4LenPro3.csproj", "{9A7BCC67-A414-42FE-BBBF-65E06F7CF0B2}"
EndProject
Global
	GlobalSection(SolutionConfigurationPlatforms) = preSolution
		Debug|Any CPU = Debug|Any CPU
		Release|Any CPU = Release|Any CPU
	EndGlobalSection
	GlobalSection(ProjectConfigurationPlatforms) = postSolution
		{9A7BCC67-A414-42FE-BBBF-65E06F7CF0B2}.Debug|Any CPU.ActiveCfg = Debug|Any CPU
		{9A7BCC67-A414-42FE-BBBF-65E06F7CF0B2}.Debug|Any CPU.Build.0 = Debug|Any CPU
		{9A7BCC67-A414-42FE-BBBF-65E06F7CF0B2}.Release|Any CPU.ActiveCfg = Release|Any CPU
		{9A7BCC67-A414-42FE-BBBF-65E06F7CF0B2}.Release|Any CPU.Build.0 = Release|Any CPU
	EndGlobalSection
	GlobalSection(SolutionProperties) = preSolution
		HideSolutionNode = FALSE
	EndGlobalSection
	GlobalSection(ExtensibilityGlobals) = postSolution
		SolutionGuid = {68EF4FE5-92A8-4705-9DF8-58BFF6B350C8}
	EndGlobalSection
EndGlobal
